
Microsoft Visual Studio Solution File, Format Version 12.00
# Visual Studio Version 17
VisualStudioVersion = 17.2.32630.192
MinimumVisualStudioVersion = 10.0.40219.1
Project("{FAE04EC0-301F-11D3-BF4B-00C04F79EFBC}") = "API", "API\API.csproj", "{1A5FC458-DEF3-4E2D-B4B0-BE86D19F9BA0}"
EndProject
Project("{FAE04EC0-301F-11D3-BF4B-00C04F79EFBC}") = "Core", "Core\Core.csproj", "{C130C696-C430-4E1B-AF5A-F075C93616C3}"
EndProject
Project("{FAE04EC0-301F-11D3-BF4B-00C04F79EFBC}") = "Infrastructure", "Infrastructure\Infrastructure.csproj", "{BBDE3108-5680-437B-B8C4-C222DBC4E531}"
EndProject
Global
	GlobalSection(SolutionConfigurationPlatforms) = preSolution
		Debug|Any CPU = Debug|Any CPU
		Release|Any CPU = Release|Any CPU
	EndGlobalSection
	GlobalSection(ProjectConfigurationPlatforms) = postSolution
		{1A5FC458-DEF3-4E2D-B4B0-BE86D19F9BA0}.Debug|Any CPU.ActiveCfg = Debug|Any CPU
		{1A5FC458-DEF3-4E2D-B4B0-BE86D19F9BA0}.Debug|Any CPU.Build.0 = Debug|Any CPU
		{1A5FC458-DEF3-4E2D-B4B0-BE86D19F9BA0}.Release|Any CPU.ActiveCfg = Release|Any CPU
		{1A5FC458-DEF3-4E2D-B4B0-BE86D19F9BA0}.Release|Any CPU.Build.0 = Release|Any CPU
		{C130C696-C430-4E1B-AF5A-F075C93616C3}.Debug|Any CPU.ActiveCfg = Debug|Any CPU
		{C130C696-C430-4E1B-AF5A-F075C93616C3}.Debug|Any CPU.Build.0 = Debug|Any CPU
		{C130C696-C430-4E1B-AF5A-F075C93616C3}.Release|Any CPU.ActiveCfg = Release|Any CPU
		{C130C696-C430-4E1B-AF5A-F075C93616C3}.Release|Any CPU.Build.0 = Release|Any CPU
		{BBDE3108-5680-437B-B8C4-C222DBC4E531}.Debug|Any CPU.ActiveCfg = Debug|Any CPU
		{BBDE3108-5680-437B-B8C4-C222DBC4E531}.Debug|Any CPU.Build.0 = Debug|Any CPU
		{BBDE3108-5680-437B-B8C4-C222DBC4E531}.Release|Any CPU.ActiveCfg = Release|Any CPU
		{BBDE3108-5680-437B-B8C4-C222DBC4E531}.Release|Any CPU.Build.0 = Release|Any CPU
	EndGlobalSection
	GlobalSection(SolutionProperties) = preSolution
		HideSolutionNode = FALSE
	EndGlobalSection
	GlobalSection(ExtensibilityGlobals) = postSolution
		SolutionGuid = {E9648CD5-DA13-4229-A2F2-3AB13F794E87}
	EndGlobalSection
EndGlobal
